
Microsoft Visual Studio Solution File, Format Version 12.00
# Visual Studio Version 17
VisualStudioVersion = 17.5.002.0
MinimumVisualStudioVersion = 10.0.40219.1
Project("{9A19103F-16F7-4668-BE54-9A1E7A4F7556}") = "9. Ninth assignment", "9. Ninth assignment.csproj", "{D0AF63EE-75F0-402E-A4CB-01D895A0077A}"
EndProject
Global
	GlobalSection(SolutionConfigurationPlatforms) = preSolution
		Debug|Any CPU = Debug|Any CPU
		Release|Any CPU = Release|Any CPU
	EndGlobalSection
	GlobalSection(ProjectConfigurationPlatforms) = postSolution
		{D0AF63EE-75F0-402E-A4CB-01D895A0077A}.Debug|Any CPU.ActiveCfg = Debug|Any CPU
		{D0AF63EE-75F0-402E-A4CB-01D895A0077A}.Debug|Any CPU.Build.0 = Debug|Any CPU
		{D0AF63EE-75F0-402E-A4CB-01D895A0077A}.Release|Any CPU.ActiveCfg = Release|Any CPU
		{D0AF63EE-75F0-402E-A4CB-01D895A0077A}.Release|Any CPU.Build.0 = Release|Any CPU
	EndGlobalSection
	GlobalSection(SolutionProperties) = preSolution
		HideSolutionNode = FALSE
	EndGlobalSection
	GlobalSection(ExtensibilityGlobals) = postSolution
		SolutionGuid = {04ECA20A-7442-4637-8086-83EC068F95C9}
	EndGlobalSection
EndGlobal
