
Microsoft Visual Studio Solution File, Format Version 12.00
# Visual Studio Version 17
VisualStudioVersion = 17.5.002.0
MinimumVisualStudioVersion = 10.0.40219.1
Project("{9A19103F-16F7-4668-BE54-9A1E7A4F7556}") = "11. Eleventh assignment", "11. Eleventh assignment.csproj", "{5734F1D6-9E7B-4D90-990E-6219EE2BA055}"
EndProject
Global
	GlobalSection(SolutionConfigurationPlatforms) = preSolution
		Debug|Any CPU = Debug|Any CPU
		Release|Any CPU = Release|Any CPU
	EndGlobalSection
	GlobalSection(ProjectConfigurationPlatforms) = postSolution
		{5734F1D6-9E7B-4D90-990E-6219EE2BA055}.Debug|Any CPU.ActiveCfg = Debug|Any CPU
		{5734F1D6-9E7B-4D90-990E-6219EE2BA055}.Debug|Any CPU.Build.0 = Debug|Any CPU
		{5734F1D6-9E7B-4D90-990E-6219EE2BA055}.Release|Any CPU.ActiveCfg = Release|Any CPU
		{5734F1D6-9E7B-4D90-990E-6219EE2BA055}.Release|Any CPU.Build.0 = Release|Any CPU
	EndGlobalSection
	GlobalSection(SolutionProperties) = preSolution
		HideSolutionNode = FALSE
	EndGlobalSection
	GlobalSection(ExtensibilityGlobals) = postSolution
		SolutionGuid = {9B1BA138-E1CB-4E60-965F-D2D7B177077C}
	EndGlobalSection
EndGlobal
